
Microsoft Visual Studio Solution File, Format Version 12.00
# Visual Studio Version 16
VisualStudioVersion = 16.0.30114.105
MinimumVisualStudioVersion = 10.0.40219.1
Project("{9A19103F-16F7-4668-BE54-9A1E7A4F7556}") = "HildenCo.Core", "HildenCo.Core\HildenCo.Core.csproj", "{A37582DE-D03E-428D-A74E-3FFEE516B412}"
EndProject
Global
	GlobalSection(SolutionConfigurationPlatforms) = preSolution
		Debug|Any CPU = Debug|Any CPU
		Release|Any CPU = Release|Any CPU
	EndGlobalSection
	GlobalSection(ProjectConfigurationPlatforms) = postSolution
		{A37582DE-D03E-428D-A74E-3FFEE516B412}.Debug|Any CPU.ActiveCfg = Debug|Any CPU
		{A37582DE-D03E-428D-A74E-3FFEE516B412}.Debug|Any CPU.Build.0 = Debug|Any CPU
		{A37582DE-D03E-428D-A74E-3FFEE516B412}.Release|Any CPU.ActiveCfg = Release|Any CPU
		{A37582DE-D03E-428D-A74E-3FFEE516B412}.Release|Any CPU.Build.0 = Release|Any CPU
	EndGlobalSection
	GlobalSection(SolutionProperties) = preSolution
		HideSolutionNode = FALSE
	EndGlobalSection
	GlobalSection(ExtensibilityGlobals) = postSolution
		SolutionGuid = {EA27E0E8-29AE-4F1D-B200-F21660F303B2}
	EndGlobalSection
EndGlobal
